
Microsoft Visual Studio Solution File, Format Version 12.00
# Visual Studio 14
VisualStudioVersion = 14.0.25420.1
MinimumVisualStudioVersion = 10.0.40219.1
Project("{FAE04EC0-301F-11D3-BF4B-00C04F79EFBC}") = "AccessibilityScanner", "AccessibilityScanner\AccessibilityScanner.csproj", "{66C8D6D7-822E-4AE5-B8BC-BC07E29C4E3C}"
EndProject
Project("{FAE04EC0-301F-11D3-BF4B-00C04F79EFBC}") = "AccessibilityScanner.Core", "AccessibilityScanner.Core\AccessibilityScanner.Core.csproj", "{AFE844A4-D30E-4D86-A746-D32DF677330D}"
EndProject
Global
	GlobalSection(SolutionConfigurationPlatforms) = preSolution
		Debug|Any CPU = Debug|Any CPU
		Release|Any CPU = Release|Any CPU
	EndGlobalSection
	GlobalSection(ProjectConfigurationPlatforms) = postSolution
		{66C8D6D7-822E-4AE5-B8BC-BC07E29C4E3C}.Debug|Any CPU.ActiveCfg = Debug|Any CPU
		{66C8D6D7-822E-4AE5-B8BC-BC07E29C4E3C}.Debug|Any CPU.Build.0 = Debug|Any CPU
		{66C8D6D7-822E-4AE5-B8BC-BC07E29C4E3C}.Release|Any CPU.ActiveCfg = Release|Any CPU
		{66C8D6D7-822E-4AE5-B8BC-BC07E29C4E3C}.Release|Any CPU.Build.0 = Release|Any CPU
		{AFE844A4-D30E-4D86-A746-D32DF677330D}.Debug|Any CPU.ActiveCfg = Debug|Any CPU
		{AFE844A4-D30E-4D86-A746-D32DF677330D}.Debug|Any CPU.Build.0 = Debug|Any CPU
		{AFE844A4-D30E-4D86-A746-D32DF677330D}.Release|Any CPU.ActiveCfg = Release|Any CPU
		{AFE844A4-D30E-4D86-A746-D32DF677330D}.Release|Any CPU.Build.0 = Release|Any CPU
	EndGlobalSection
	GlobalSection(SolutionProperties) = preSolution
		HideSolutionNode = FALSE
	EndGlobalSection
EndGlobal
